
Microsoft Visual Studio Solution File, Format Version 12.00
# Visual Studio Version 17
VisualStudioVersion = 17.5.33502.453
MinimumVisualStudioVersion = 10.0.40219.1
Project("{D2ABAB84-BF74-430A-B69E-9DC6D40DDA17}") = "Olap SSAS supersotre", "Olap SSAS supersotre.dwproj", "{3800E8FE-2038-433B-A64E-F62286F14C2A}"
EndProject
Global
	GlobalSection(SolutionConfigurationPlatforms) = preSolution
		Development|Default = Development|Default
	EndGlobalSection
	GlobalSection(ProjectConfigurationPlatforms) = postSolution
		{3800E8FE-2038-433B-A64E-F62286F14C2A}.Development|Default.ActiveCfg = Development
		{3800E8FE-2038-433B-A64E-F62286F14C2A}.Development|Default.Build.0 = Development
		{3800E8FE-2038-433B-A64E-F62286F14C2A}.Development|Default.Deploy.0 = Development
	EndGlobalSection
	GlobalSection(SolutionProperties) = preSolution
		HideSolutionNode = FALSE
	EndGlobalSection
	GlobalSection(ExtensibilityGlobals) = postSolution
		SolutionGuid = {52B5BBB9-79AE-4DDC-A5F3-54117BDC3A5D}
	EndGlobalSection
EndGlobal
